{
  "name": "finish-b1-r2-playback-harness",
  "version": "1.0.0",
  "lockfileVersion": 3,
  "requires": true,
  "packages": {
    "": {
      "name": "finish-b1-r2-playback-harness",
      "version": "1.0.0",
      "dependencies": {
        "three": "^0.180.0"
      },
      "devDependencies": {
        "@playwright/test": "^1.50.0",
        "typescript": "^5.7.0"
      }
    },
    "node_modules/three": {
      "version": "0.180.0",
      "resolved": "https://registry.npmjs.org/three/-/three-0.180.0.tgz",
      "integrity": "sha512-placeholder"
    }
  }
}
